
Microsoft Visual Studio Solution File, Format Version 12.00
# Visual Studio Version 16
VisualStudioVersion = 16.0.32602.291
MinimumVisualStudioVersion = 10.0.40219.1
Project("{FAE04EC0-301F-11D3-BF4B-00C04F79EFBC}") = "Speech-To-Text", "Speech-To-Text\Speech-To-Text.csproj", "{45DA0835-1486-42A1-B881-3D55C7FDF6A3}"
EndProject
Global
	GlobalSection(SolutionConfigurationPlatforms) = preSolution
		Debug|Any CPU = Debug|Any CPU
		Release|Any CPU = Release|Any CPU
	EndGlobalSection
	GlobalSection(ProjectConfigurationPlatforms) = postSolution
		{45DA0835-1486-42A1-B881-3D55C7FDF6A3}.Debug|Any CPU.ActiveCfg = Debug|Any CPU
		{45DA0835-1486-42A1-B881-3D55C7FDF6A3}.Debug|Any CPU.Build.0 = Debug|Any CPU
		{45DA0835-1486-42A1-B881-3D55C7FDF6A3}.Release|Any CPU.ActiveCfg = Release|Any CPU
		{45DA0835-1486-42A1-B881-3D55C7FDF6A3}.Release|Any CPU.Build.0 = Release|Any CPU
	EndGlobalSection
	GlobalSection(SolutionProperties) = preSolution
		HideSolutionNode = FALSE
	EndGlobalSection
	GlobalSection(ExtensibilityGlobals) = postSolution
		SolutionGuid = {87B763AB-21C2-45FF-9C82-E962BD3B85F6}
	EndGlobalSection
EndGlobal
